
Microsoft Visual Studio Solution File, Format Version 12.00
# Visual Studio 15
VisualStudioVersion = 15.0.27130.2027
MinimumVisualStudioVersion = 10.0.40219.1
Project("{FAE04EC0-301F-11D3-BF4B-00C04F79EFBC}") = "ConsoleApp1", "ConsoleApp1\ConsoleApp1.csproj", "{F5F229AD-9441-4068-95A4-52FD310F44BE}"
EndProject
Global
	GlobalSection(SolutionConfigurationPlatforms) = preSolution
		Debug|Any CPU = Debug|Any CPU
		Release|Any CPU = Release|Any CPU
	EndGlobalSection
	GlobalSection(ProjectConfigurationPlatforms) = postSolution
		{F5F229AD-9441-4068-95A4-52FD310F44BE}.Debug|Any CPU.ActiveCfg = Debug|Any CPU
		{F5F229AD-9441-4068-95A4-52FD310F44BE}.Debug|Any CPU.Build.0 = Debug|Any CPU
		{F5F229AD-9441-4068-95A4-52FD310F44BE}.Release|Any CPU.ActiveCfg = Release|Any CPU
		{F5F229AD-9441-4068-95A4-52FD310F44BE}.Release|Any CPU.Build.0 = Release|Any CPU
	EndGlobalSection
	GlobalSection(SolutionProperties) = preSolution
		HideSolutionNode = FALSE
	EndGlobalSection
	GlobalSection(ExtensibilityGlobals) = postSolution
		SolutionGuid = {2DEA8E46-8B50-475D-B033-37567AB9E03F}
	EndGlobalSection
EndGlobal
